
Microsoft Visual Studio Solution File, Format Version 12.00
# Visual Studio Version 17
VisualStudioVersion = 17.14.36310.24 d17.14
MinimumVisualStudioVersion = 10.0.40219.1
Project("{FAE04EC0-301F-11D3-BF4B-00C04F79EFBC}") = "WorkerService", "WorkerService\WorkerService.csproj", "{19083B5D-AFFE-43CA-9CE4-47D0498D4B3E}"
EndProject
Project("{FAE04EC0-301F-11D3-BF4B-00C04F79EFBC}") = "WebApiServer", "WebApiServer\WebApiServer.csproj", "{9B8A5A48-1000-496C-BA02-95EC542D14BF}"
EndProject
Global
	GlobalSection(SolutionConfigurationPlatforms) = preSolution
		Debug|Any CPU = Debug|Any CPU
		Release|Any CPU = Release|Any CPU
	EndGlobalSection
	GlobalSection(ProjectConfigurationPlatforms) = postSolution
		{19083B5D-AFFE-43CA-9CE4-47D0498D4B3E}.Debug|Any CPU.ActiveCfg = Debug|Any CPU
		{19083B5D-AFFE-43CA-9CE4-47D0498D4B3E}.Debug|Any CPU.Build.0 = Debug|Any CPU
		{19083B5D-AFFE-43CA-9CE4-47D0498D4B3E}.Release|Any CPU.ActiveCfg = Release|Any CPU
		{19083B5D-AFFE-43CA-9CE4-47D0498D4B3E}.Release|Any CPU.Build.0 = Release|Any CPU
		{9B8A5A48-1000-496C-BA02-95EC542D14BF}.Debug|Any CPU.ActiveCfg = Debug|Any CPU
		{9B8A5A48-1000-496C-BA02-95EC542D14BF}.Debug|Any CPU.Build.0 = Debug|Any CPU
		{9B8A5A48-1000-496C-BA02-95EC542D14BF}.Release|Any CPU.ActiveCfg = Release|Any CPU
		{9B8A5A48-1000-496C-BA02-95EC542D14BF}.Release|Any CPU.Build.0 = Release|Any CPU
	EndGlobalSection
	GlobalSection(SolutionProperties) = preSolution
		HideSolutionNode = FALSE
	EndGlobalSection
	GlobalSection(ExtensibilityGlobals) = postSolution
		SolutionGuid = {36CD6D75-2CE4-4053-9134-38F9E51E548F}
	EndGlobalSection
EndGlobal
